
Microsoft Visual Studio Solution File, Format Version 12.00
# Visual Studio 2015
Project("{FAE04EC0-301F-11D3-BF4B-00C04F79EFBC}") = "PAFieldOrbit", "PAFieldOrbit.csproj", "{0DD83045-33C0-F1FC-1F2B-E13125777521}"
EndProject
Project("{FAE04EC0-301F-11D3-BF4B-00C04F79EFBC}") = "PAFieldOrbit.Editor", "PAFieldOrbit.Editor.csproj", "{854F27CF-5A96-2221-C43C-34FDE86C236F}"
EndProject
Global
	GlobalSection(SolutionConfigurationPlatforms) = preSolution
		Debug|Any CPU = Debug|Any CPU
		Release|Any CPU = Release|Any CPU
	EndGlobalSection
	GlobalSection(ProjectConfigurationPlatforms) = postSolution
		{0DD83045-33C0-F1FC-1F2B-E13125777521}.Debug|Any CPU.ActiveCfg = Debug|Any CPU
		{0DD83045-33C0-F1FC-1F2B-E13125777521}.Debug|Any CPU.Build.0 = Debug|Any CPU
		{0DD83045-33C0-F1FC-1F2B-E13125777521}.Release|Any CPU.ActiveCfg = Release|Any CPU
		{0DD83045-33C0-F1FC-1F2B-E13125777521}.Release|Any CPU.Build.0 = Release|Any CPU
		{854F27CF-5A96-2221-C43C-34FDE86C236F}.Debug|Any CPU.ActiveCfg = Debug|Any CPU
		{854F27CF-5A96-2221-C43C-34FDE86C236F}.Debug|Any CPU.Build.0 = Debug|Any CPU
		{854F27CF-5A96-2221-C43C-34FDE86C236F}.Release|Any CPU.ActiveCfg = Release|Any CPU
		{854F27CF-5A96-2221-C43C-34FDE86C236F}.Release|Any CPU.Build.0 = Release|Any CPU
	EndGlobalSection
	GlobalSection(SolutionProperties) = preSolution
		HideSolutionNode = FALSE
	EndGlobalSection
EndGlobal
